
Microsoft Visual Studio Solution File, Format Version 12.00
# Visual Studio 15
VisualStudioVersion = 15.0.27130.2027
MinimumVisualStudioVersion = 10.0.40219.1
Project("{FAE04EC0-301F-11D3-BF4B-00C04F79EFBC}") = "cargo-usage", "cargo-usage\cargo-usage.csproj", "{C3591712-A7B4-43CB-BBAA-776842D737F1}"
EndProject
Project("{FAE04EC0-301F-11D3-BF4B-00C04F79EFBC}") = "ore-amount", "ore-amount\ore-amount.csproj", "{1B93B36F-F510-4515-ABF3-023435900801}"
EndProject
Project("{FAE04EC0-301F-11D3-BF4B-00C04F79EFBC}") = "inventory-organiser", "inventory-organiser\inventory-organiser.csproj", "{E111B522-5E80-4549-AD20-3DA3E8CB0846}"
EndProject
Project("{FAE04EC0-301F-11D3-BF4B-00C04F79EFBC}") = "component-generator", "component-generator\component-generator.csproj", "{60146849-E157-454D-A184-064FB46A2C4F}"
EndProject
Project("{FAE04EC0-301F-11D3-BF4B-00C04F79EFBC}") = "space-engineers-tools", "space-engineers-tools\space-engineers-tools.csproj", "{5382443B-E39E-4FEC-9AA5-C080620A75C1}"
EndProject
Global
	GlobalSection(SolutionConfigurationPlatforms) = preSolution
		Debug|x64 = Debug|x64
	EndGlobalSection
	GlobalSection(ProjectConfigurationPlatforms) = postSolution
		{C3591712-A7B4-43CB-BBAA-776842D737F1}.Debug|x64.ActiveCfg = Debug|x64
		{C3591712-A7B4-43CB-BBAA-776842D737F1}.Debug|x64.Build.0 = Debug|x64
		{1B93B36F-F510-4515-ABF3-023435900801}.Debug|x64.ActiveCfg = Debug|x64
		{1B93B36F-F510-4515-ABF3-023435900801}.Debug|x64.Build.0 = Debug|x64
		{E111B522-5E80-4549-AD20-3DA3E8CB0846}.Debug|x64.ActiveCfg = Debug|x64
		{E111B522-5E80-4549-AD20-3DA3E8CB0846}.Debug|x64.Build.0 = Debug|x64
		{60146849-E157-454D-A184-064FB46A2C4F}.Debug|x64.ActiveCfg = Debug|x64
		{60146849-E157-454D-A184-064FB46A2C4F}.Debug|x64.Build.0 = Debug|x64
		{5382443B-E39E-4FEC-9AA5-C080620A75C1}.Debug|x64.ActiveCfg = Debug|x64
		{5382443B-E39E-4FEC-9AA5-C080620A75C1}.Debug|x64.Build.0 = Debug|x64
	EndGlobalSection
	GlobalSection(SolutionProperties) = preSolution
		HideSolutionNode = FALSE
	EndGlobalSection
	GlobalSection(ExtensibilityGlobals) = postSolution
		SolutionGuid = {561950DE-56AD-4A2B-9B37-FC2B1EEF994B}
	EndGlobalSection
EndGlobal
